<Solution>
  <Project Path="PrototypeEditor.csproj" />
  <Project Path="NewFolder.csproj" />
  <Project Path="Prototype.csproj" />
  <Project Path="ORCAHelper.csproj" />
  <Project Path="SpatialLookup.csproj" />
  <Project Path="VehiclePhysics.csproj" />
  <Project Path="GenerationPlaygroundEditor.csproj" />
  <Project Path="FlowFields.csproj" />
  <Project Path="Playground.Example.csproj" />
  <Project Path="Playground.Exmample.EditorTests.csproj" />
  <Project Path="Playground.Example.PlayTests.csproj" />
  <Project Path="Assembly-CSharp.csproj" />
  <Project Path="NewFolder.EditorTests.csproj" />
  <Project Path="NewFolder.PlayTests.csproj" />
  <Project Path="CreaturesPlaygroundEditor.csproj" />
  <Project Path="FlowFields.EditorTests.csproj" />
  <Project Path="VehiclePhysics.PlayTests.csproj" />
  <Project Path="Playground.PhysicsForce.PlayTests.csproj" />
  <Project Path="CollisionLookup.csproj" />
  <Project Path="Local.csproj" />
  <Project Path="CaravanPlaygroundEditor.csproj" />
</Solution>
